{
  "name": "agent-skill-bus",
  "version": "1.3.0",
  "lockfileVersion": 3,
  "requires": true,
  "packages": {
    "": {
      "name": "agent-skill-bus",
      "version": "1.3.0",
      "license": "MIT",
      "bin": {
        "agent-skill-bus": "src/cli.js",
        "skill-bus": "src/cli.js"
      },
      "engines": {
        "node": ">=18.0.0"
      }
    }
  }
}
